
Microsoft Visual Studio Solution File, Format Version 12.00
# Visual Studio Version 17
VisualStudioVersion = 17.11.35208.52
MinimumVisualStudioVersion = 10.0.40219.1
Project("{FAE04EC0-301F-11D3-BF4B-00C04F79EFBC}") = "blazor-chart-webassembly", "blazor-chart-webassembly\blazor-chart-webassembly.csproj", "{67958A3A-2C01-48F3-AF81-ED0FB66FFCDE}"
EndProject
Global
	GlobalSection(SolutionConfigurationPlatforms) = preSolution
		Debug|Any CPU = Debug|Any CPU
		Release|Any CPU = Release|Any CPU
	EndGlobalSection
	GlobalSection(ProjectConfigurationPlatforms) = postSolution
		{67958A3A-2C01-48F3-AF81-ED0FB66FFCDE}.Debug|Any CPU.ActiveCfg = Debug|Any CPU
		{67958A3A-2C01-48F3-AF81-ED0FB66FFCDE}.Debug|Any CPU.Build.0 = Debug|Any CPU
		{67958A3A-2C01-48F3-AF81-ED0FB66FFCDE}.Release|Any CPU.ActiveCfg = Release|Any CPU
		{67958A3A-2C01-48F3-AF81-ED0FB66FFCDE}.Release|Any CPU.Build.0 = Release|Any CPU
	EndGlobalSection
	GlobalSection(SolutionProperties) = preSolution
		HideSolutionNode = FALSE
	EndGlobalSection
	GlobalSection(ExtensibilityGlobals) = postSolution
		SolutionGuid = {9120C340-B59F-4D0E-8AEB-0D227666B6DB}
	EndGlobalSection
EndGlobal
